<Solution>
  <Folder Name="/src/">
    <Project Path="src/ClinicOS.Api/ClinicOS.Api.csproj" />
    <Project Path="src/ClinicOS.Application/ClinicOS.Application.csproj" />
    <Project Path="src/ClinicOS.Domain/ClinicOS.Domain.csproj" />
    <Project Path="src/ClinicOS.Infrastructure/ClinicOS.Infrastructure.csproj" />
  </Folder>
  <Project Path="docker-compose.dcproj">
    <Build />
  </Project>
</Solution>
