<Solution>
  <Folder Name="/src/">
    <Project Path="src/ClinicOS.Api/ClinicOS.Api.csproj" />
    <Project Path="src/ClinicOS.Application/ClinicOS.Application.csproj" />
    <Project Path="src/ClinicOS.Domain/ClinicOS.Domain.csproj" />
    <Project Path="src/ClinicOS.Infrastructure/ClinicOS.Infrastructure.csproj" />
  </Folder>
  <Project Path="ClinicOS.UnitTests/ClinicOS.UnitTests.csproj" Id="659e8b47-384a-4304-96ca-298bae84b98b" />
</Solution>
